
Microsoft Visual Studio Solution File, Format Version 12.00
# Visual Studio 15
VisualStudioVersion = 15.0.28307.1525
MinimumVisualStudioVersion = 10.0.40219.1
Project("{FAE04EC0-301F-11D3-BF4B-00C04F79EFBC}") = "AutoCAD CSharp plug-in1", "AutoCAD CSharp plug-in1\AutoCAD CSharp plug-in1.csproj", "{2FD1B315-5E2F-4EEF-9FDC-AB898151904E}"
EndProject
Global
	GlobalSection(SolutionConfigurationPlatforms) = preSolution
		Debug|Any CPU = Debug|Any CPU
		Release|Any CPU = Release|Any CPU
	EndGlobalSection
	GlobalSection(ProjectConfigurationPlatforms) = postSolution
		{2FD1B315-5E2F-4EEF-9FDC-AB898151904E}.Debug|Any CPU.ActiveCfg = Debug|Any CPU
		{2FD1B315-5E2F-4EEF-9FDC-AB898151904E}.Debug|Any CPU.Build.0 = Debug|Any CPU
		{2FD1B315-5E2F-4EEF-9FDC-AB898151904E}.Release|Any CPU.ActiveCfg = Release|Any CPU
		{2FD1B315-5E2F-4EEF-9FDC-AB898151904E}.Release|Any CPU.Build.0 = Release|Any CPU
	EndGlobalSection
	GlobalSection(SolutionProperties) = preSolution
		HideSolutionNode = FALSE
	EndGlobalSection
	GlobalSection(ExtensibilityGlobals) = postSolution
		SolutionGuid = {A8BFD5A5-65F0-4DD6-BEDC-0F8B67A5ED79}
	EndGlobalSection
EndGlobal
